
Microsoft Visual Studio Solution File, Format Version 11.00
# Visual Studio 2010
Project("{FAE04EC0-301F-11D3-BF4B-00C04F79EFBC}") = "Networking", "Networking\Networking\Networking.csproj", "{87E1D79D-8E80-49ED-91C8-8207B2072C0D}"
EndProject
Project("{FAE04EC0-301F-11D3-BF4B-00C04F79EFBC}") = "NetworkingContent", "Networking\NetworkingContent\NetworkingContent.contentproj", "{98BB80E2-70DC-45DF-A0A2-E601CAAC48F6}"
EndProject
Project("{FAE04EC0-301F-11D3-BF4B-00C04F79EFBC}") = "GUI", "..\..\AU_Capstone\CapstoneProject\GUI\GUI.csproj", "{71C13EE1-E00F-46B7-BE5E-0B1C314E1CDA}"
EndProject
Global
	GlobalSection(SolutionConfigurationPlatforms) = preSolution
		Debug|x86 = Debug|x86
		Release|x86 = Release|x86
	EndGlobalSection
	GlobalSection(ProjectConfigurationPlatforms) = postSolution
		{87E1D79D-8E80-49ED-91C8-8207B2072C0D}.Debug|x86.ActiveCfg = Debug|x86
		{87E1D79D-8E80-49ED-91C8-8207B2072C0D}.Debug|x86.Build.0 = Debug|x86
		{87E1D79D-8E80-49ED-91C8-8207B2072C0D}.Release|x86.ActiveCfg = Release|x86
		{87E1D79D-8E80-49ED-91C8-8207B2072C0D}.Release|x86.Build.0 = Release|x86
		{98BB80E2-70DC-45DF-A0A2-E601CAAC48F6}.Debug|x86.ActiveCfg = Debug|x86
		{98BB80E2-70DC-45DF-A0A2-E601CAAC48F6}.Release|x86.ActiveCfg = Release|x86
		{71C13EE1-E00F-46B7-BE5E-0B1C314E1CDA}.Debug|x86.ActiveCfg = Debug|x86
		{71C13EE1-E00F-46B7-BE5E-0B1C314E1CDA}.Debug|x86.Build.0 = Debug|x86
		{71C13EE1-E00F-46B7-BE5E-0B1C314E1CDA}.Release|x86.ActiveCfg = Release|x86
		{71C13EE1-E00F-46B7-BE5E-0B1C314E1CDA}.Release|x86.Build.0 = Release|x86
	EndGlobalSection
	GlobalSection(SolutionProperties) = preSolution
		HideSolutionNode = FALSE
	EndGlobalSection
EndGlobal
